
Microsoft Visual Studio Solution File, Format Version 12.00
# Visual Studio Version 17
VisualStudioVersion = 17.14.36623.8
MinimumVisualStudioVersion = 10.0.40219.1
Project("{FAE04EC0-301F-11D3-BF4B-00C04F79EFBC}") = "PatriControl.Web", "PatriControl.Web\PatriControl.Web.csproj", "{D7738C23-D559-4E31-AA93-76614635BD22}"
EndProject
Project("{FAE04EC0-301F-11D3-BF4B-00C04F79EFBC}") = "PatriControl.Tools", "PatriControl.Tools\PatriControl.Tools.csproj", "{8FA66EA7-ECB2-4438-BC09-DA4803830367}"
EndProject
Project("{2150E333-8FDC-42A3-9474-1A3956D46DE8}") = "Itens de Solução", "Itens de Solução", "{380A7511-A354-6D7A-0CC0-8FA1F1BA7B6C}"
	ProjectSection(SolutionItems) = preProject
		.gitignore = .gitignore
	EndProjectSection
EndProject
Global
	GlobalSection(SolutionConfigurationPlatforms) = preSolution
		Debug|Any CPU = Debug|Any CPU
		Release|Any CPU = Release|Any CPU
	EndGlobalSection
	GlobalSection(ProjectConfigurationPlatforms) = postSolution
		{D7738C23-D559-4E31-AA93-76614635BD22}.Debug|Any CPU.ActiveCfg = Debug|Any CPU
		{D7738C23-D559-4E31-AA93-76614635BD22}.Debug|Any CPU.Build.0 = Debug|Any CPU
		{D7738C23-D559-4E31-AA93-76614635BD22}.Release|Any CPU.ActiveCfg = Release|Any CPU
		{D7738C23-D559-4E31-AA93-76614635BD22}.Release|Any CPU.Build.0 = Release|Any CPU
		{8FA66EA7-ECB2-4438-BC09-DA4803830367}.Debug|Any CPU.ActiveCfg = Debug|Any CPU
		{8FA66EA7-ECB2-4438-BC09-DA4803830367}.Debug|Any CPU.Build.0 = Debug|Any CPU
		{8FA66EA7-ECB2-4438-BC09-DA4803830367}.Release|Any CPU.ActiveCfg = Release|Any CPU
		{8FA66EA7-ECB2-4438-BC09-DA4803830367}.Release|Any CPU.Build.0 = Release|Any CPU
	EndGlobalSection
	GlobalSection(SolutionProperties) = preSolution
		HideSolutionNode = FALSE
	EndGlobalSection
	GlobalSection(ExtensibilityGlobals) = postSolution
		SolutionGuid = {EB52079B-861A-4F4F-8BBC-1A31B9111B9F}
	EndGlobalSection
EndGlobal
